<Solution>
  <Folder Name="/Solution Items/">
    <File Path=".copilot-instructions.md" />
  </Folder>
  <Project Path="dev/dev.shproj" />
  <Project Path="src/RommStar.Core/RommStar.Core.csproj" />
  <Project Path="src/RommStar.Tests/RommStar.Tests.csproj" Id="e994ea29-1629-4f3d-85f7-101fb4b15121">
    <Build Solution="Debug|*" Project="false" />
  </Project>
</Solution>
